
Microsoft Visual Studio Solution File, Format Version 12.00
# Visual Studio 15
VisualStudioVersion = 15.0.27703.2047
MinimumVisualStudioVersion = 10.0.40219.1
Project("{FAE04EC0-301F-11D3-BF4B-00C04F79EFBC}") = "WebAPI4AngularCosmosDB", "WebAPI4AngularCosmosDB\WebAPI4AngularCosmosDB.csproj", "{5B148A1F-656A-47AA-BD14-5C525A982383}"
EndProject
Global
	GlobalSection(SolutionConfigurationPlatforms) = preSolution
		Debug|Any CPU = Debug|Any CPU
		Release|Any CPU = Release|Any CPU
	EndGlobalSection
	GlobalSection(ProjectConfigurationPlatforms) = postSolution
		{5B148A1F-656A-47AA-BD14-5C525A982383}.Debug|Any CPU.ActiveCfg = Debug|Any CPU
		{5B148A1F-656A-47AA-BD14-5C525A982383}.Debug|Any CPU.Build.0 = Debug|Any CPU
		{5B148A1F-656A-47AA-BD14-5C525A982383}.Release|Any CPU.ActiveCfg = Release|Any CPU
		{5B148A1F-656A-47AA-BD14-5C525A982383}.Release|Any CPU.Build.0 = Release|Any CPU
	EndGlobalSection
	GlobalSection(SolutionProperties) = preSolution
		HideSolutionNode = FALSE
	EndGlobalSection
	GlobalSection(ExtensibilityGlobals) = postSolution
		SolutionGuid = {44C4BDCD-9EE6-48B2-A193-228C6ED7F60C}
	EndGlobalSection
EndGlobal
